# Mood

A moodboard [Hugo](https://gohugo.io/) theme for minimalists.

[INSERT SCREENSHOT]

## Live demo

- https://mood.harrycresswell.com/

## Features

- Clean and simple design
- Dynamic page titles
- Minimal CSS

## Installation

To install Mood as your default theme, install this repository in the themes/ directory at the root of your Hugo project:

```
cd themes/
git clone https://github.com/harrycresswell/mood.git
```

Then at the top of your _config.toml_ file, set `mood` as your default theme:

```
theme = "mood"
```


See the Hugo documentation for more information.

## Configuration


## Example site

## Author

Harry Cresswell

- https://github.com/harrycresswell
- https://twitter.com/harrycresswell

## Licence

Copyright 2022 [Harry Cresswell](https://harrycresswell.com/)

The theme is released under the MIT License. Check the original theme license for additional licensing information.

